{
  "name": "test-dependabot-npm-lockfile-v3-workspace",
  "version": "1.0.0",
  "lockfileVersion": 2,
  "requires": true,
  "packages": {
    "": {
      "name": "test-dependabot-npm-lockfile-v3-workspace",
      "version": "1.0.0",
      "license": "ISC",
      "workspaces": [
        "package-a",
        "package-b"
      ]
    },
    "node_modules/lodash": {
      "version": "3.10.1",
      "license": "MIT"
    },
    "node_modules/luxon": {
      "version": "3.2.0",
      "resolved": "https://registry.npmjs.org/luxon/-/luxon-3.2.0.tgz",
      "integrity": "sha512-Namj3XqoJjFekq/JHQEaaAv4zyE/fyyDBrMEBnIL2s/X54SC8W5Ea0uej1TRXUArWec8OojsAVsGBYhNRjpMVw==",
      "engines": {
        "node": ">=12"
      }
    },
    "node_modules/test-dependabot-npm-lockfile-v3-workspace--package-a": {
      "resolved": "package-a",
      "link": true
    },
    "node_modules/test-dependabot-npm-lockfile-v3-workspace--package-b": {
      "resolved": "package-b",
      "link": true
    },
    "package-a": {
      "name": "test-dependabot-npm-lockfile-v3-workspace--package-a",
      "version": "1.0.0",
      "license": "ISC",
      "dependencies": {
        "lodash": "^3.10.1"
      }
    },
    "package-b": {
      "name": "test-dependabot-npm-lockfile-v3-workspace--package-b",
      "version": "1.0.0",
      "license": "ISC",
      "dependencies": {
        "luxon": "^3.2.0"
      }
    }
  },
  "dependencies": {
    "lodash": {
      "version": "3.10.1"
    },
    "luxon": {
      "version": "3.2.0",
      "resolved": "https://registry.npmjs.org/luxon/-/luxon-3.2.0.tgz",
      "integrity": "sha512-Namj3XqoJjFekq/JHQEaaAv4zyE/fyyDBrMEBnIL2s/X54SC8W5Ea0uej1TRXUArWec8OojsAVsGBYhNRjpMVw=="
    },
    "test-dependabot-npm-lockfile-v3-workspace--package-a": {
      "version": "file:package-a",
      "requires": {
        "lodash": "^3.10.1"
      }
    },
    "test-dependabot-npm-lockfile-v3-workspace--package-b": {
      "version": "file:package-b",
      "requires": {
        "luxon": "^3.2.0"
      }
    }
  }
}
